
Microsoft Visual Studio Solution File, Format Version 12.00
# Visual Studio Version 17
VisualStudioVersion = 17.0.32014.148
MinimumVisualStudioVersion = 10.0.40219.1
Project("{9A19103F-16F7-4668-BE54-9A1E7A4F7556}") = "smartRent.BackEnd", "smartRent.BackEnd\smartRent.BackEnd.csproj", "{91F306CE-3588-4F4B-B48F-0F9FB3BB968E}"
EndProject
Project("{9A19103F-16F7-4668-BE54-9A1E7A4F7556}") = "smartRent.Repo", "smartRent.Repo\smartRent.Repo.csproj", "{1786AE44-3BBA-4218-A078-D7A1F3F18033}"
EndProject
Project("{9A19103F-16F7-4668-BE54-9A1E7A4F7556}") = "smartRent.Test", "smartRent.Test\smartRent.Test.csproj", "{9227ABA8-6EB2-4A6A-A9A4-3B204C41CBFA}"
EndProject
Project("{FAE04EC0-301F-11D3-BF4B-00C04F79EFBC}") = "smartRent.DocumentHandler", "smartRent.DocumentHandler\smartRent.DocumentHandler.csproj", "{1F113C5E-0ECC-4B54-BA13-B0A64013926F}"
EndProject
Global
	GlobalSection(SolutionConfigurationPlatforms) = preSolution
		Debug|Any CPU = Debug|Any CPU
		Release|Any CPU = Release|Any CPU
	EndGlobalSection
	GlobalSection(ProjectConfigurationPlatforms) = postSolution
		{91F306CE-3588-4F4B-B48F-0F9FB3BB968E}.Debug|Any CPU.ActiveCfg = Debug|Any CPU
		{91F306CE-3588-4F4B-B48F-0F9FB3BB968E}.Debug|Any CPU.Build.0 = Debug|Any CPU
		{91F306CE-3588-4F4B-B48F-0F9FB3BB968E}.Release|Any CPU.ActiveCfg = Release|Any CPU
		{91F306CE-3588-4F4B-B48F-0F9FB3BB968E}.Release|Any CPU.Build.0 = Release|Any CPU
		{1786AE44-3BBA-4218-A078-D7A1F3F18033}.Debug|Any CPU.ActiveCfg = Debug|Any CPU
		{1786AE44-3BBA-4218-A078-D7A1F3F18033}.Debug|Any CPU.Build.0 = Debug|Any CPU
		{1786AE44-3BBA-4218-A078-D7A1F3F18033}.Release|Any CPU.ActiveCfg = Release|Any CPU
		{1786AE44-3BBA-4218-A078-D7A1F3F18033}.Release|Any CPU.Build.0 = Release|Any CPU
		{9227ABA8-6EB2-4A6A-A9A4-3B204C41CBFA}.Debug|Any CPU.ActiveCfg = Debug|Any CPU
		{9227ABA8-6EB2-4A6A-A9A4-3B204C41CBFA}.Debug|Any CPU.Build.0 = Debug|Any CPU
		{9227ABA8-6EB2-4A6A-A9A4-3B204C41CBFA}.Release|Any CPU.ActiveCfg = Release|Any CPU
		{9227ABA8-6EB2-4A6A-A9A4-3B204C41CBFA}.Release|Any CPU.Build.0 = Release|Any CPU
		{1F113C5E-0ECC-4B54-BA13-B0A64013926F}.Debug|Any CPU.ActiveCfg = Debug|Any CPU
		{1F113C5E-0ECC-4B54-BA13-B0A64013926F}.Debug|Any CPU.Build.0 = Debug|Any CPU
		{1F113C5E-0ECC-4B54-BA13-B0A64013926F}.Release|Any CPU.ActiveCfg = Release|Any CPU
		{1F113C5E-0ECC-4B54-BA13-B0A64013926F}.Release|Any CPU.Build.0 = Release|Any CPU
	EndGlobalSection
	GlobalSection(SolutionProperties) = preSolution
		HideSolutionNode = FALSE
	EndGlobalSection
	GlobalSection(ExtensibilityGlobals) = postSolution
		SolutionGuid = {5D2612D9-DBBE-4A8C-994D-96D7081657AF}
	EndGlobalSection
EndGlobal
